{
    "requires": true,
    "lockfileVersion": 1,
    "dependencies": {
        "kioskboard": {
            "version": "2.0.0",
            "resolved": "https://registry.npmjs.org/kioskboard/-/kioskboard-2.0.0.tgz",
            "integrity": "sha512-eEu9TdfMQ4IjT2NTfUQpCu8Ni7FLVYUJ06jWr9lZefuAm4B5def6VrJtzsmfMaUM0aCXVuN6VNtTEC5eVPyHXA=="
        }
    }
}
